
Microsoft Visual Studio Solution File, Format Version 12.00
# Visual Studio Version 17
VisualStudioVersion = 17.0.31903.59
MinimumVisualStudioVersion = 10.0.40219.1
Project("{FAE04EC0-301F-11D3-BF4B-00C04F79EFBC}") = "TextEditor.Core", "src\TextEditor.Core\TextEditor.Core.csproj", "{A1B2C3D4-E5F6-7890-ABCD-EF1234567890}"
EndProject
Project("{FAE04EC0-301F-11D3-BF4B-00C04F79EFBC}") = "TextEditor.Tests", "src\TextEditor.Tests\TextEditor.Tests.csproj", "{B2C3D4E5-F6A7-8901-BCDE-F12345678901}"
EndProject
Project("{FAE04EC0-301F-11D3-BF4B-00C04F79EFBC}") = "TextEditor.PerfViewer", "src\TextEditor.PerfViewer\TextEditor.PerfViewer.csproj", "{C3D4E5F6-A7B8-9012-CDEF-123456789012}"
EndProject
Project("{2150E333-8FDC-42A3-9474-1A3956D46DE8}") = "src", "src", "{827E0CD3-B72D-47B6-A68D-7590B98EB39B}"
EndProject
Project("{FAE04EC0-301F-11D3-BF4B-00C04F79EFBC}") = "TextEditor.Repl", "src\TextEditor.Repl\TextEditor.Repl.csproj", "{C528EB14-5302-45EA-A338-C17F6968AA8B}"
EndProject
Project("{FAE04EC0-301F-11D3-BF4B-00C04F79EFBC}") = "TextEditor.SyntaxDemo", "src\TextEditor.SyntaxDemo\TextEditor.SyntaxDemo.csproj", "{991F1DC8-D05C-4BC1-85DC-81A56F66C227}"
EndProject
Project("{FAE04EC0-301F-11D3-BF4B-00C04F79EFBC}") = "TextEditor.DiffDemo", "src\TextEditor.DiffDemo\TextEditor.DiffDemo.csproj", "{F4C4162A-CF24-4F5F-9FF8-3D54F0FA317E}"
EndProject
Project("{FAE04EC0-301F-11D3-BF4B-00C04F79EFBC}") = "TextEditor.BracketDemo", "src\TextEditor.BracketDemo\TextEditor.BracketDemo.csproj", "{04F30303-B2A8-4891-97D5-D9426AC714E9}"
EndProject
Project("{FAE04EC0-301F-11D3-BF4B-00C04F79EFBC}") = "TextEditor.FoldingDemo", "src\TextEditor.FoldingDemo\TextEditor.FoldingDemo.csproj", "{FD6B9DBB-90FC-4D44-B6B1-F4BCCD3B18AC}"
EndProject
Project("{FAE04EC0-301F-11D3-BF4B-00C04F79EFBC}") = "TextEditor.EncodingDemo", "src\TextEditor.EncodingDemo\TextEditor.EncodingDemo.csproj", "{E7A8B9C0-D1E2-4F3A-B5C6-D7E8F9A0B1C2}"
EndProject
Project("{FAE04EC0-301F-11D3-BF4B-00C04F79EFBC}") = "TextEditor.UnicodeDemo", "src\TextEditor.UnicodeDemo\TextEditor.UnicodeDemo.csproj", "{A2B3C4D5-E6F7-8901-ABCD-EF2345678901}"
EndProject
Project("{FAE04EC0-301F-11D3-BF4B-00C04F79EFBC}") = "TextEditor.UndoGroupingDemo", "src\TextEditor.UndoGroupingDemo\TextEditor.UndoGroupingDemo.csproj", "{B3C4D5E6-F7A8-9012-BCDE-F23456789012}"
EndProject
Project("{FAE04EC0-301F-11D3-BF4B-00C04F79EFBC}") = "TextEditor.ChangeTrackingDemo", "src\TextEditor.ChangeTrackingDemo\TextEditor.ChangeTrackingDemo.csproj", "{C4D5E6F7-A8B9-0123-CDEF-012345678901}"
EndProject
Project("{FAE04EC0-301F-11D3-BF4B-00C04F79EFBC}") = "TextEditor.WrappingDemo", "src\TextEditor.WrappingDemo\TextEditor.WrappingDemo.csproj", "{D5E6F7A8-B9C0-1234-DEF0-123456789012}"
EndProject
Project("{FAE04EC0-301F-11D3-BF4B-00C04F79EFBC}") = "TextEditor.InlayHintsDemo", "src\TextEditor.InlayHintsDemo\TextEditor.InlayHintsDemo.csproj", "{E6F7A8B9-C0D1-2345-EF01-234567890123}"
EndProject
Project("{FAE04EC0-301F-11D3-BF4B-00C04F79EFBC}") = "TextEditor.SnippetDemo", "src\TextEditor.SnippetDemo\TextEditor.SnippetDemo.csproj", "{F7A8B9C0-D1E2-3456-F012-345678901234}"
EndProject
Project("{FAE04EC0-301F-11D3-BF4B-00C04F79EFBC}") = "TextEditor.BracketColorDemo", "src\TextEditor.BracketColorDemo\TextEditor.BracketColorDemo.csproj", "{A8B9C0D1-E2F3-4567-0123-456789012345}"
EndProject
Global
	GlobalSection(SolutionConfigurationPlatforms) = preSolution
		Debug|Any CPU = Debug|Any CPU
		Debug|x64 = Debug|x64
		Debug|x86 = Debug|x86
		Release|Any CPU = Release|Any CPU
		Release|x64 = Release|x64
		Release|x86 = Release|x86
	EndGlobalSection
	GlobalSection(ProjectConfigurationPlatforms) = postSolution
		{A1B2C3D4-E5F6-7890-ABCD-EF1234567890}.Debug|Any CPU.ActiveCfg = Debug|Any CPU
		{A1B2C3D4-E5F6-7890-ABCD-EF1234567890}.Debug|Any CPU.Build.0 = Debug|Any CPU
		{A1B2C3D4-E5F6-7890-ABCD-EF1234567890}.Debug|x64.ActiveCfg = Debug|Any CPU
		{A1B2C3D4-E5F6-7890-ABCD-EF1234567890}.Debug|x64.Build.0 = Debug|Any CPU
		{A1B2C3D4-E5F6-7890-ABCD-EF1234567890}.Debug|x86.ActiveCfg = Debug|Any CPU
		{A1B2C3D4-E5F6-7890-ABCD-EF1234567890}.Debug|x86.Build.0 = Debug|Any CPU
		{A1B2C3D4-E5F6-7890-ABCD-EF1234567890}.Release|Any CPU.ActiveCfg = Release|Any CPU
		{A1B2C3D4-E5F6-7890-ABCD-EF1234567890}.Release|Any CPU.Build.0 = Release|Any CPU
		{A1B2C3D4-E5F6-7890-ABCD-EF1234567890}.Release|x64.ActiveCfg = Release|Any CPU
		{A1B2C3D4-E5F6-7890-ABCD-EF1234567890}.Release|x64.Build.0 = Release|Any CPU
		{A1B2C3D4-E5F6-7890-ABCD-EF1234567890}.Release|x86.ActiveCfg = Release|Any CPU
		{A1B2C3D4-E5F6-7890-ABCD-EF1234567890}.Release|x86.Build.0 = Release|Any CPU
		{B2C3D4E5-F6A7-8901-BCDE-F12345678901}.Debug|Any CPU.ActiveCfg = Debug|Any CPU
		{B2C3D4E5-F6A7-8901-BCDE-F12345678901}.Debug|Any CPU.Build.0 = Debug|Any CPU
		{B2C3D4E5-F6A7-8901-BCDE-F12345678901}.Debug|x64.ActiveCfg = Debug|Any CPU
		{B2C3D4E5-F6A7-8901-BCDE-F12345678901}.Debug|x64.Build.0 = Debug|Any CPU
		{B2C3D4E5-F6A7-8901-BCDE-F12345678901}.Debug|x86.ActiveCfg = Debug|Any CPU
		{B2C3D4E5-F6A7-8901-BCDE-F12345678901}.Debug|x86.Build.0 = Debug|Any CPU
		{B2C3D4E5-F6A7-8901-BCDE-F12345678901}.Release|Any CPU.ActiveCfg = Release|Any CPU
		{B2C3D4E5-F6A7-8901-BCDE-F12345678901}.Release|Any CPU.Build.0 = Release|Any CPU
		{B2C3D4E5-F6A7-8901-BCDE-F12345678901}.Release|x64.ActiveCfg = Release|Any CPU
		{B2C3D4E5-F6A7-8901-BCDE-F12345678901}.Release|x64.Build.0 = Release|Any CPU
		{B2C3D4E5-F6A7-8901-BCDE-F12345678901}.Release|x86.ActiveCfg = Release|Any CPU
		{B2C3D4E5-F6A7-8901-BCDE-F12345678901}.Release|x86.Build.0 = Release|Any CPU
		{C3D4E5F6-A7B8-9012-CDEF-123456789012}.Debug|Any CPU.ActiveCfg = Debug|Any CPU
		{C3D4E5F6-A7B8-9012-CDEF-123456789012}.Debug|Any CPU.Build.0 = Debug|Any CPU
		{C3D4E5F6-A7B8-9012-CDEF-123456789012}.Debug|x64.ActiveCfg = Debug|Any CPU
		{C3D4E5F6-A7B8-9012-CDEF-123456789012}.Debug|x64.Build.0 = Debug|Any CPU
		{C3D4E5F6-A7B8-9012-CDEF-123456789012}.Debug|x86.ActiveCfg = Debug|Any CPU
		{C3D4E5F6-A7B8-9012-CDEF-123456789012}.Debug|x86.Build.0 = Debug|Any CPU
		{C3D4E5F6-A7B8-9012-CDEF-123456789012}.Release|Any CPU.ActiveCfg = Release|Any CPU
		{C3D4E5F6-A7B8-9012-CDEF-123456789012}.Release|Any CPU.Build.0 = Release|Any CPU
		{C3D4E5F6-A7B8-9012-CDEF-123456789012}.Release|x64.ActiveCfg = Release|Any CPU
		{C3D4E5F6-A7B8-9012-CDEF-123456789012}.Release|x64.Build.0 = Release|Any CPU
		{C3D4E5F6-A7B8-9012-CDEF-123456789012}.Release|x86.ActiveCfg = Release|Any CPU
		{C3D4E5F6-A7B8-9012-CDEF-123456789012}.Release|x86.Build.0 = Release|Any CPU
		{C528EB14-5302-45EA-A338-C17F6968AA8B}.Debug|Any CPU.ActiveCfg = Debug|Any CPU
		{C528EB14-5302-45EA-A338-C17F6968AA8B}.Debug|Any CPU.Build.0 = Debug|Any CPU
		{C528EB14-5302-45EA-A338-C17F6968AA8B}.Debug|x64.ActiveCfg = Debug|Any CPU
		{C528EB14-5302-45EA-A338-C17F6968AA8B}.Debug|x64.Build.0 = Debug|Any CPU
		{C528EB14-5302-45EA-A338-C17F6968AA8B}.Debug|x86.ActiveCfg = Debug|Any CPU
		{C528EB14-5302-45EA-A338-C17F6968AA8B}.Debug|x86.Build.0 = Debug|Any CPU
		{C528EB14-5302-45EA-A338-C17F6968AA8B}.Release|Any CPU.ActiveCfg = Release|Any CPU
		{C528EB14-5302-45EA-A338-C17F6968AA8B}.Release|Any CPU.Build.0 = Release|Any CPU
		{C528EB14-5302-45EA-A338-C17F6968AA8B}.Release|x64.ActiveCfg = Release|Any CPU
		{C528EB14-5302-45EA-A338-C17F6968AA8B}.Release|x64.Build.0 = Release|Any CPU
		{C528EB14-5302-45EA-A338-C17F6968AA8B}.Release|x86.ActiveCfg = Release|Any CPU
		{C528EB14-5302-45EA-A338-C17F6968AA8B}.Release|x86.Build.0 = Release|Any CPU
		{991F1DC8-D05C-4BC1-85DC-81A56F66C227}.Debug|Any CPU.ActiveCfg = Debug|Any CPU
		{991F1DC8-D05C-4BC1-85DC-81A56F66C227}.Debug|Any CPU.Build.0 = Debug|Any CPU
		{991F1DC8-D05C-4BC1-85DC-81A56F66C227}.Debug|x64.ActiveCfg = Debug|Any CPU
		{991F1DC8-D05C-4BC1-85DC-81A56F66C227}.Debug|x64.Build.0 = Debug|Any CPU
		{991F1DC8-D05C-4BC1-85DC-81A56F66C227}.Debug|x86.ActiveCfg = Debug|Any CPU
		{991F1DC8-D05C-4BC1-85DC-81A56F66C227}.Debug|x86.Build.0 = Debug|Any CPU
		{991F1DC8-D05C-4BC1-85DC-81A56F66C227}.Release|Any CPU.ActiveCfg = Release|Any CPU
		{991F1DC8-D05C-4BC1-85DC-81A56F66C227}.Release|Any CPU.Build.0 = Release|Any CPU
		{991F1DC8-D05C-4BC1-85DC-81A56F66C227}.Release|x64.ActiveCfg = Release|Any CPU
		{991F1DC8-D05C-4BC1-85DC-81A56F66C227}.Release|x64.Build.0 = Release|Any CPU
		{991F1DC8-D05C-4BC1-85DC-81A56F66C227}.Release|x86.ActiveCfg = Release|Any CPU
		{991F1DC8-D05C-4BC1-85DC-81A56F66C227}.Release|x86.Build.0 = Release|Any CPU
		{F4C4162A-CF24-4F5F-9FF8-3D54F0FA317E}.Debug|Any CPU.ActiveCfg = Debug|Any CPU
		{F4C4162A-CF24-4F5F-9FF8-3D54F0FA317E}.Debug|Any CPU.Build.0 = Debug|Any CPU
		{F4C4162A-CF24-4F5F-9FF8-3D54F0FA317E}.Debug|x64.ActiveCfg = Debug|Any CPU
		{F4C4162A-CF24-4F5F-9FF8-3D54F0FA317E}.Debug|x64.Build.0 = Debug|Any CPU
		{F4C4162A-CF24-4F5F-9FF8-3D54F0FA317E}.Debug|x86.ActiveCfg = Debug|Any CPU
		{F4C4162A-CF24-4F5F-9FF8-3D54F0FA317E}.Debug|x86.Build.0 = Debug|Any CPU
		{F4C4162A-CF24-4F5F-9FF8-3D54F0FA317E}.Release|Any CPU.ActiveCfg = Release|Any CPU
		{F4C4162A-CF24-4F5F-9FF8-3D54F0FA317E}.Release|Any CPU.Build.0 = Release|Any CPU
		{F4C4162A-CF24-4F5F-9FF8-3D54F0FA317E}.Release|x64.ActiveCfg = Release|Any CPU
		{F4C4162A-CF24-4F5F-9FF8-3D54F0FA317E}.Release|x64.Build.0 = Release|Any CPU
		{F4C4162A-CF24-4F5F-9FF8-3D54F0FA317E}.Release|x86.ActiveCfg = Release|Any CPU
		{F4C4162A-CF24-4F5F-9FF8-3D54F0FA317E}.Release|x86.Build.0 = Release|Any CPU
		{04F30303-B2A8-4891-97D5-D9426AC714E9}.Debug|Any CPU.ActiveCfg = Debug|Any CPU
		{04F30303-B2A8-4891-97D5-D9426AC714E9}.Debug|Any CPU.Build.0 = Debug|Any CPU
		{04F30303-B2A8-4891-97D5-D9426AC714E9}.Debug|x64.ActiveCfg = Debug|Any CPU
		{04F30303-B2A8-4891-97D5-D9426AC714E9}.Debug|x64.Build.0 = Debug|Any CPU
		{04F30303-B2A8-4891-97D5-D9426AC714E9}.Debug|x86.ActiveCfg = Debug|Any CPU
		{04F30303-B2A8-4891-97D5-D9426AC714E9}.Debug|x86.Build.0 = Debug|Any CPU
		{04F30303-B2A8-4891-97D5-D9426AC714E9}.Release|Any CPU.ActiveCfg = Release|Any CPU
		{04F30303-B2A8-4891-97D5-D9426AC714E9}.Release|Any CPU.Build.0 = Release|Any CPU
		{04F30303-B2A8-4891-97D5-D9426AC714E9}.Release|x64.ActiveCfg = Release|Any CPU
		{04F30303-B2A8-4891-97D5-D9426AC714E9}.Release|x64.Build.0 = Release|Any CPU
		{04F30303-B2A8-4891-97D5-D9426AC714E9}.Release|x86.ActiveCfg = Release|Any CPU
		{04F30303-B2A8-4891-97D5-D9426AC714E9}.Release|x86.Build.0 = Release|Any CPU
		{FD6B9DBB-90FC-4D44-B6B1-F4BCCD3B18AC}.Debug|Any CPU.ActiveCfg = Debug|Any CPU
		{FD6B9DBB-90FC-4D44-B6B1-F4BCCD3B18AC}.Debug|Any CPU.Build.0 = Debug|Any CPU
		{FD6B9DBB-90FC-4D44-B6B1-F4BCCD3B18AC}.Debug|x64.ActiveCfg = Debug|Any CPU
		{FD6B9DBB-90FC-4D44-B6B1-F4BCCD3B18AC}.Debug|x64.Build.0 = Debug|Any CPU
		{FD6B9DBB-90FC-4D44-B6B1-F4BCCD3B18AC}.Debug|x86.ActiveCfg = Debug|Any CPU
		{FD6B9DBB-90FC-4D44-B6B1-F4BCCD3B18AC}.Debug|x86.Build.0 = Debug|Any CPU
		{FD6B9DBB-90FC-4D44-B6B1-F4BCCD3B18AC}.Release|Any CPU.ActiveCfg = Release|Any CPU
		{FD6B9DBB-90FC-4D44-B6B1-F4BCCD3B18AC}.Release|Any CPU.Build.0 = Release|Any CPU
		{FD6B9DBB-90FC-4D44-B6B1-F4BCCD3B18AC}.Release|x64.ActiveCfg = Release|Any CPU
		{FD6B9DBB-90FC-4D44-B6B1-F4BCCD3B18AC}.Release|x64.Build.0 = Release|Any CPU
		{FD6B9DBB-90FC-4D44-B6B1-F4BCCD3B18AC}.Release|x86.ActiveCfg = Release|Any CPU
		{FD6B9DBB-90FC-4D44-B6B1-F4BCCD3B18AC}.Release|x86.Build.0 = Release|Any CPU
		{E7A8B9C0-D1E2-4F3A-B5C6-D7E8F9A0B1C2}.Debug|Any CPU.ActiveCfg = Debug|Any CPU
		{E7A8B9C0-D1E2-4F3A-B5C6-D7E8F9A0B1C2}.Debug|Any CPU.Build.0 = Debug|Any CPU
		{E7A8B9C0-D1E2-4F3A-B5C6-D7E8F9A0B1C2}.Debug|x64.ActiveCfg = Debug|Any CPU
		{E7A8B9C0-D1E2-4F3A-B5C6-D7E8F9A0B1C2}.Debug|x64.Build.0 = Debug|Any CPU
		{E7A8B9C0-D1E2-4F3A-B5C6-D7E8F9A0B1C2}.Debug|x86.ActiveCfg = Debug|Any CPU
		{E7A8B9C0-D1E2-4F3A-B5C6-D7E8F9A0B1C2}.Debug|x86.Build.0 = Debug|Any CPU
		{E7A8B9C0-D1E2-4F3A-B5C6-D7E8F9A0B1C2}.Release|Any CPU.ActiveCfg = Release|Any CPU
		{E7A8B9C0-D1E2-4F3A-B5C6-D7E8F9A0B1C2}.Release|Any CPU.Build.0 = Release|Any CPU
		{E7A8B9C0-D1E2-4F3A-B5C6-D7E8F9A0B1C2}.Release|x64.ActiveCfg = Release|Any CPU
		{E7A8B9C0-D1E2-4F3A-B5C6-D7E8F9A0B1C2}.Release|x64.Build.0 = Release|Any CPU
		{E7A8B9C0-D1E2-4F3A-B5C6-D7E8F9A0B1C2}.Release|x86.ActiveCfg = Release|Any CPU
		{E7A8B9C0-D1E2-4F3A-B5C6-D7E8F9A0B1C2}.Release|x86.Build.0 = Release|Any CPU
		{A2B3C4D5-E6F7-8901-ABCD-EF2345678901}.Debug|Any CPU.ActiveCfg = Debug|Any CPU
		{A2B3C4D5-E6F7-8901-ABCD-EF2345678901}.Debug|Any CPU.Build.0 = Debug|Any CPU
		{A2B3C4D5-E6F7-8901-ABCD-EF2345678901}.Debug|x64.ActiveCfg = Debug|Any CPU
		{A2B3C4D5-E6F7-8901-ABCD-EF2345678901}.Debug|x64.Build.0 = Debug|Any CPU
		{A2B3C4D5-E6F7-8901-ABCD-EF2345678901}.Debug|x86.ActiveCfg = Debug|Any CPU
		{A2B3C4D5-E6F7-8901-ABCD-EF2345678901}.Debug|x86.Build.0 = Debug|Any CPU
		{A2B3C4D5-E6F7-8901-ABCD-EF2345678901}.Release|Any CPU.ActiveCfg = Release|Any CPU
		{A2B3C4D5-E6F7-8901-ABCD-EF2345678901}.Release|Any CPU.Build.0 = Release|Any CPU
		{A2B3C4D5-E6F7-8901-ABCD-EF2345678901}.Release|x64.ActiveCfg = Release|Any CPU
		{A2B3C4D5-E6F7-8901-ABCD-EF2345678901}.Release|x64.Build.0 = Release|Any CPU
		{A2B3C4D5-E6F7-8901-ABCD-EF2345678901}.Release|x86.ActiveCfg = Release|Any CPU
		{A2B3C4D5-E6F7-8901-ABCD-EF2345678901}.Release|x86.Build.0 = Release|Any CPU
		{B3C4D5E6-F7A8-9012-BCDE-F23456789012}.Debug|Any CPU.ActiveCfg = Debug|Any CPU
		{B3C4D5E6-F7A8-9012-BCDE-F23456789012}.Debug|Any CPU.Build.0 = Debug|Any CPU
		{B3C4D5E6-F7A8-9012-BCDE-F23456789012}.Debug|x64.ActiveCfg = Debug|Any CPU
		{B3C4D5E6-F7A8-9012-BCDE-F23456789012}.Debug|x64.Build.0 = Debug|Any CPU
		{B3C4D5E6-F7A8-9012-BCDE-F23456789012}.Debug|x86.ActiveCfg = Debug|Any CPU
		{B3C4D5E6-F7A8-9012-BCDE-F23456789012}.Debug|x86.Build.0 = Debug|Any CPU
		{B3C4D5E6-F7A8-9012-BCDE-F23456789012}.Release|Any CPU.ActiveCfg = Release|Any CPU
		{B3C4D5E6-F7A8-9012-BCDE-F23456789012}.Release|Any CPU.Build.0 = Release|Any CPU
		{B3C4D5E6-F7A8-9012-BCDE-F23456789012}.Release|x64.ActiveCfg = Release|Any CPU
		{B3C4D5E6-F7A8-9012-BCDE-F23456789012}.Release|x64.Build.0 = Release|Any CPU
		{B3C4D5E6-F7A8-9012-BCDE-F23456789012}.Release|x86.ActiveCfg = Release|Any CPU
		{B3C4D5E6-F7A8-9012-BCDE-F23456789012}.Release|x86.Build.0 = Release|Any CPU
		{C4D5E6F7-A8B9-0123-CDEF-012345678901}.Debug|Any CPU.ActiveCfg = Debug|Any CPU
		{C4D5E6F7-A8B9-0123-CDEF-012345678901}.Debug|Any CPU.Build.0 = Debug|Any CPU
		{C4D5E6F7-A8B9-0123-CDEF-012345678901}.Debug|x64.ActiveCfg = Debug|Any CPU
		{C4D5E6F7-A8B9-0123-CDEF-012345678901}.Debug|x64.Build.0 = Debug|Any CPU
		{C4D5E6F7-A8B9-0123-CDEF-012345678901}.Debug|x86.ActiveCfg = Debug|Any CPU
		{C4D5E6F7-A8B9-0123-CDEF-012345678901}.Debug|x86.Build.0 = Debug|Any CPU
		{C4D5E6F7-A8B9-0123-CDEF-012345678901}.Release|Any CPU.ActiveCfg = Release|Any CPU
		{C4D5E6F7-A8B9-0123-CDEF-012345678901}.Release|Any CPU.Build.0 = Release|Any CPU
		{C4D5E6F7-A8B9-0123-CDEF-012345678901}.Release|x64.ActiveCfg = Release|Any CPU
		{C4D5E6F7-A8B9-0123-CDEF-012345678901}.Release|x64.Build.0 = Release|Any CPU
		{C4D5E6F7-A8B9-0123-CDEF-012345678901}.Release|x86.ActiveCfg = Release|Any CPU
		{C4D5E6F7-A8B9-0123-CDEF-012345678901}.Release|x86.Build.0 = Release|Any CPU
		{D5E6F7A8-B9C0-1234-DEF0-123456789012}.Debug|Any CPU.ActiveCfg = Debug|Any CPU
		{D5E6F7A8-B9C0-1234-DEF0-123456789012}.Debug|Any CPU.Build.0 = Debug|Any CPU
		{D5E6F7A8-B9C0-1234-DEF0-123456789012}.Debug|x64.ActiveCfg = Debug|Any CPU
		{D5E6F7A8-B9C0-1234-DEF0-123456789012}.Debug|x64.Build.0 = Debug|Any CPU
		{D5E6F7A8-B9C0-1234-DEF0-123456789012}.Debug|x86.ActiveCfg = Debug|Any CPU
		{D5E6F7A8-B9C0-1234-DEF0-123456789012}.Debug|x86.Build.0 = Debug|Any CPU
		{D5E6F7A8-B9C0-1234-DEF0-123456789012}.Release|Any CPU.ActiveCfg = Release|Any CPU
		{D5E6F7A8-B9C0-1234-DEF0-123456789012}.Release|Any CPU.Build.0 = Release|Any CPU
		{D5E6F7A8-B9C0-1234-DEF0-123456789012}.Release|x64.ActiveCfg = Release|Any CPU
		{D5E6F7A8-B9C0-1234-DEF0-123456789012}.Release|x64.Build.0 = Release|Any CPU
		{D5E6F7A8-B9C0-1234-DEF0-123456789012}.Release|x86.ActiveCfg = Release|Any CPU
		{D5E6F7A8-B9C0-1234-DEF0-123456789012}.Release|x86.Build.0 = Release|Any CPU
		{E6F7A8B9-C0D1-2345-EF01-234567890123}.Debug|Any CPU.ActiveCfg = Debug|Any CPU
		{E6F7A8B9-C0D1-2345-EF01-234567890123}.Debug|Any CPU.Build.0 = Debug|Any CPU
		{E6F7A8B9-C0D1-2345-EF01-234567890123}.Debug|x64.ActiveCfg = Debug|Any CPU
		{E6F7A8B9-C0D1-2345-EF01-234567890123}.Debug|x64.Build.0 = Debug|Any CPU
		{E6F7A8B9-C0D1-2345-EF01-234567890123}.Debug|x86.ActiveCfg = Debug|Any CPU
		{E6F7A8B9-C0D1-2345-EF01-234567890123}.Debug|x86.Build.0 = Debug|Any CPU
		{E6F7A8B9-C0D1-2345-EF01-234567890123}.Release|Any CPU.ActiveCfg = Release|Any CPU
		{E6F7A8B9-C0D1-2345-EF01-234567890123}.Release|Any CPU.Build.0 = Release|Any CPU
		{E6F7A8B9-C0D1-2345-EF01-234567890123}.Release|x64.ActiveCfg = Release|Any CPU
		{E6F7A8B9-C0D1-2345-EF01-234567890123}.Release|x64.Build.0 = Release|Any CPU
		{E6F7A8B9-C0D1-2345-EF01-234567890123}.Release|x86.ActiveCfg = Release|Any CPU
		{E6F7A8B9-C0D1-2345-EF01-234567890123}.Release|x86.Build.0 = Release|Any CPU
		{F7A8B9C0-D1E2-3456-F012-345678901234}.Debug|Any CPU.ActiveCfg = Debug|Any CPU
		{F7A8B9C0-D1E2-3456-F012-345678901234}.Debug|Any CPU.Build.0 = Debug|Any CPU
		{F7A8B9C0-D1E2-3456-F012-345678901234}.Debug|x64.ActiveCfg = Debug|Any CPU
		{F7A8B9C0-D1E2-3456-F012-345678901234}.Debug|x64.Build.0 = Debug|Any CPU
		{F7A8B9C0-D1E2-3456-F012-345678901234}.Debug|x86.ActiveCfg = Debug|Any CPU
		{F7A8B9C0-D1E2-3456-F012-345678901234}.Debug|x86.Build.0 = Debug|Any CPU
		{F7A8B9C0-D1E2-3456-F012-345678901234}.Release|Any CPU.ActiveCfg = Release|Any CPU
		{F7A8B9C0-D1E2-3456-F012-345678901234}.Release|Any CPU.Build.0 = Release|Any CPU
		{F7A8B9C0-D1E2-3456-F012-345678901234}.Release|x64.ActiveCfg = Release|Any CPU
		{F7A8B9C0-D1E2-3456-F012-345678901234}.Release|x64.Build.0 = Release|Any CPU
		{F7A8B9C0-D1E2-3456-F012-345678901234}.Release|x86.ActiveCfg = Release|Any CPU
		{F7A8B9C0-D1E2-3456-F012-345678901234}.Release|x86.Build.0 = Release|Any CPU
		{A8B9C0D1-E2F3-4567-0123-456789012345}.Debug|Any CPU.ActiveCfg = Debug|Any CPU
		{A8B9C0D1-E2F3-4567-0123-456789012345}.Debug|Any CPU.Build.0 = Debug|Any CPU
		{A8B9C0D1-E2F3-4567-0123-456789012345}.Debug|x64.ActiveCfg = Debug|Any CPU
		{A8B9C0D1-E2F3-4567-0123-456789012345}.Debug|x64.Build.0 = Debug|Any CPU
		{A8B9C0D1-E2F3-4567-0123-456789012345}.Debug|x86.ActiveCfg = Debug|Any CPU
		{A8B9C0D1-E2F3-4567-0123-456789012345}.Debug|x86.Build.0 = Debug|Any CPU
		{A8B9C0D1-E2F3-4567-0123-456789012345}.Release|Any CPU.ActiveCfg = Release|Any CPU
		{A8B9C0D1-E2F3-4567-0123-456789012345}.Release|Any CPU.Build.0 = Release|Any CPU
		{A8B9C0D1-E2F3-4567-0123-456789012345}.Release|x64.ActiveCfg = Release|Any CPU
		{A8B9C0D1-E2F3-4567-0123-456789012345}.Release|x64.Build.0 = Release|Any CPU
		{A8B9C0D1-E2F3-4567-0123-456789012345}.Release|x86.ActiveCfg = Release|Any CPU
		{A8B9C0D1-E2F3-4567-0123-456789012345}.Release|x86.Build.0 = Release|Any CPU
	EndGlobalSection
	GlobalSection(SolutionProperties) = preSolution
		HideSolutionNode = FALSE
	EndGlobalSection
	GlobalSection(NestedProjects) = preSolution
		{C528EB14-5302-45EA-A338-C17F6968AA8B} = {827E0CD3-B72D-47B6-A68D-7590B98EB39B}
		{991F1DC8-D05C-4BC1-85DC-81A56F66C227} = {827E0CD3-B72D-47B6-A68D-7590B98EB39B}
		{F4C4162A-CF24-4F5F-9FF8-3D54F0FA317E} = {827E0CD3-B72D-47B6-A68D-7590B98EB39B}
		{04F30303-B2A8-4891-97D5-D9426AC714E9} = {827E0CD3-B72D-47B6-A68D-7590B98EB39B}
		{FD6B9DBB-90FC-4D44-B6B1-F4BCCD3B18AC} = {827E0CD3-B72D-47B6-A68D-7590B98EB39B}
		{E7A8B9C0-D1E2-4F3A-B5C6-D7E8F9A0B1C2} = {827E0CD3-B72D-47B6-A68D-7590B98EB39B}
		{A2B3C4D5-E6F7-8901-ABCD-EF2345678901} = {827E0CD3-B72D-47B6-A68D-7590B98EB39B}
		{B3C4D5E6-F7A8-9012-BCDE-F23456789012} = {827E0CD3-B72D-47B6-A68D-7590B98EB39B}
		{C4D5E6F7-A8B9-0123-CDEF-012345678901} = {827E0CD3-B72D-47B6-A68D-7590B98EB39B}
		{D5E6F7A8-B9C0-1234-DEF0-123456789012} = {827E0CD3-B72D-47B6-A68D-7590B98EB39B}
		{E6F7A8B9-C0D1-2345-EF01-234567890123} = {827E0CD3-B72D-47B6-A68D-7590B98EB39B}
		{F7A8B9C0-D1E2-3456-F012-345678901234} = {827E0CD3-B72D-47B6-A68D-7590B98EB39B}
		{A8B9C0D1-E2F3-4567-0123-456789012345} = {827E0CD3-B72D-47B6-A68D-7590B98EB39B}
	EndGlobalSection
EndGlobal
